
Microsoft Visual Studio Solution File, Format Version 11.00
# Visual Studio 2010
# SharpDevelop 4.4
Project("{FD48973F-F585-4F70-812B-4D0503B36CE9}") = "Program54a", "Program54a\Program54a.pyproj", "{0B093786-3B4E-46EE-B9B9-1FF5AA1F45C6}"
EndProject
Global
	GlobalSection(SolutionConfigurationPlatforms) = preSolution
		Debug|Any CPU = Debug|Any CPU
		Release|Any CPU = Release|Any CPU
	EndGlobalSection
	GlobalSection(ProjectConfigurationPlatforms) = postSolution
		{0B093786-3B4E-46EE-B9B9-1FF5AA1F45C6}.Debug|Any CPU.Build.0 = Debug|Any CPU
		{0B093786-3B4E-46EE-B9B9-1FF5AA1F45C6}.Debug|Any CPU.ActiveCfg = Debug|Any CPU
		{0B093786-3B4E-46EE-B9B9-1FF5AA1F45C6}.Release|Any CPU.Build.0 = Release|Any CPU
		{0B093786-3B4E-46EE-B9B9-1FF5AA1F45C6}.Release|Any CPU.ActiveCfg = Release|Any CPU
	EndGlobalSection
EndGlobal
