
Microsoft Visual Studio Solution File, Format Version 11.00
# Visual Studio 2010
# SharpDevelop 4.4
Project("{FD48973F-F585-4F70-812B-4D0503B36CE9}") = "Prog153SalaryCalc", "Prog153SalaryCalc\Prog153SalaryCalc.pyproj", "{C5D574AC-3E5A-4066-92F8-B75C5845E529}"
EndProject
Global
	GlobalSection(SolutionConfigurationPlatforms) = preSolution
		Debug|Any CPU = Debug|Any CPU
		Release|Any CPU = Release|Any CPU
	EndGlobalSection
	GlobalSection(ProjectConfigurationPlatforms) = postSolution
		{C5D574AC-3E5A-4066-92F8-B75C5845E529}.Debug|Any CPU.Build.0 = Debug|Any CPU
		{C5D574AC-3E5A-4066-92F8-B75C5845E529}.Debug|Any CPU.ActiveCfg = Debug|Any CPU
		{C5D574AC-3E5A-4066-92F8-B75C5845E529}.Release|Any CPU.Build.0 = Release|Any CPU
		{C5D574AC-3E5A-4066-92F8-B75C5845E529}.Release|Any CPU.ActiveCfg = Release|Any CPU
	EndGlobalSection
EndGlobal
