
Microsoft Visual Studio Solution File, Format Version 11.00
# Visual Studio 2010
# SharpDevelop 4.4
Project("{FD48973F-F585-4F70-812B-4D0503B36CE9}") = "Prog58b", "Prog58b\Prog58b.pyproj", "{C333CD0B-B183-4095-9A14-01E82DAB7114}"
EndProject
Global
	GlobalSection(SolutionConfigurationPlatforms) = preSolution
		Debug|Any CPU = Debug|Any CPU
		Release|Any CPU = Release|Any CPU
	EndGlobalSection
	GlobalSection(ProjectConfigurationPlatforms) = postSolution
		{C333CD0B-B183-4095-9A14-01E82DAB7114}.Debug|Any CPU.Build.0 = Debug|Any CPU
		{C333CD0B-B183-4095-9A14-01E82DAB7114}.Debug|Any CPU.ActiveCfg = Debug|Any CPU
		{C333CD0B-B183-4095-9A14-01E82DAB7114}.Release|Any CPU.Build.0 = Release|Any CPU
		{C333CD0B-B183-4095-9A14-01E82DAB7114}.Release|Any CPU.ActiveCfg = Release|Any CPU
	EndGlobalSection
EndGlobal
