
Microsoft Visual Studio Solution File, Format Version 11.00
# Visual Studio 2010
# SharpDevelop 4.4
Project("{FD48973F-F585-4F70-812B-4D0503B36CE9}") = "Prog54aDict", "Prog54aDict\Prog54aDict.pyproj", "{BE4EE093-19ED-4A8E-BBC0-BCA93C39E66C}"
EndProject
Global
	GlobalSection(SolutionConfigurationPlatforms) = preSolution
		Debug|Any CPU = Debug|Any CPU
		Release|Any CPU = Release|Any CPU
	EndGlobalSection
	GlobalSection(ProjectConfigurationPlatforms) = postSolution
		{BE4EE093-19ED-4A8E-BBC0-BCA93C39E66C}.Debug|Any CPU.Build.0 = Debug|Any CPU
		{BE4EE093-19ED-4A8E-BBC0-BCA93C39E66C}.Debug|Any CPU.ActiveCfg = Debug|Any CPU
		{BE4EE093-19ED-4A8E-BBC0-BCA93C39E66C}.Release|Any CPU.Build.0 = Release|Any CPU
		{BE4EE093-19ED-4A8E-BBC0-BCA93C39E66C}.Release|Any CPU.ActiveCfg = Release|Any CPU
	EndGlobalSection
EndGlobal
