
Microsoft Visual Studio Solution File, Format Version 11.00
# Visual Studio 2010
# SharpDevelop 4.4
Project("{FD48973F-F585-4F70-812B-4D0503B36CE9}") = "Prog58t", "Prog58t\Prog58t.pyproj", "{AA1B6893-C6B1-4144-A7AF-9862E7531E66}"
EndProject
Global
	GlobalSection(SolutionConfigurationPlatforms) = preSolution
		Debug|Any CPU = Debug|Any CPU
		Release|Any CPU = Release|Any CPU
	EndGlobalSection
	GlobalSection(ProjectConfigurationPlatforms) = postSolution
		{AA1B6893-C6B1-4144-A7AF-9862E7531E66}.Debug|Any CPU.Build.0 = Debug|Any CPU
		{AA1B6893-C6B1-4144-A7AF-9862E7531E66}.Debug|Any CPU.ActiveCfg = Debug|Any CPU
		{AA1B6893-C6B1-4144-A7AF-9862E7531E66}.Release|Any CPU.Build.0 = Release|Any CPU
		{AA1B6893-C6B1-4144-A7AF-9862E7531E66}.Release|Any CPU.ActiveCfg = Release|Any CPU
	EndGlobalSection
EndGlobal
