
Microsoft Visual Studio Solution File, Format Version 11.00
# Visual Studio 2010
# SharpDevelop 4.4
Project("{FD48973F-F585-4F70-812B-4D0503B36CE9}") = "Prog82a", "Prog82a\Prog82a.pyproj", "{742C7067-AF58-4397-8B8A-FABC967002A6}"
EndProject
Global
	GlobalSection(SolutionConfigurationPlatforms) = preSolution
		Debug|Any CPU = Debug|Any CPU
		Release|Any CPU = Release|Any CPU
	EndGlobalSection
	GlobalSection(ProjectConfigurationPlatforms) = postSolution
		{742C7067-AF58-4397-8B8A-FABC967002A6}.Debug|Any CPU.Build.0 = Debug|Any CPU
		{742C7067-AF58-4397-8B8A-FABC967002A6}.Debug|Any CPU.ActiveCfg = Debug|Any CPU
		{742C7067-AF58-4397-8B8A-FABC967002A6}.Release|Any CPU.Build.0 = Release|Any CPU
		{742C7067-AF58-4397-8B8A-FABC967002A6}.Release|Any CPU.ActiveCfg = Release|Any CPU
	EndGlobalSection
EndGlobal
