
Microsoft Visual Studio Solution File, Format Version 11.00
# Visual Studio 2010
# SharpDevelop 4.4
Project("{FD48973F-F585-4F70-812B-4D0503B36CE9}") = "Prog65h", "Prog65h\Prog65h.pyproj", "{09B01A39-760D-4753-93F7-9FDEE2571E22}"
EndProject
Global
	GlobalSection(SolutionConfigurationPlatforms) = preSolution
		Debug|Any CPU = Debug|Any CPU
		Release|Any CPU = Release|Any CPU
	EndGlobalSection
	GlobalSection(ProjectConfigurationPlatforms) = postSolution
		{09B01A39-760D-4753-93F7-9FDEE2571E22}.Debug|Any CPU.Build.0 = Debug|Any CPU
		{09B01A39-760D-4753-93F7-9FDEE2571E22}.Debug|Any CPU.ActiveCfg = Debug|Any CPU
		{09B01A39-760D-4753-93F7-9FDEE2571E22}.Release|Any CPU.Build.0 = Release|Any CPU
		{09B01A39-760D-4753-93F7-9FDEE2571E22}.Release|Any CPU.ActiveCfg = Release|Any CPU
	EndGlobalSection
EndGlobal
