
Microsoft Visual Studio Solution File, Format Version 11.00
# Visual Studio 2010
# SharpDevelop 4.4
Project("{FD48973F-F585-4F70-812B-4D0503B36CE9}") = "P{honeNumbers", "P{honeNumbers\P{honeNumbers.pyproj", "{B004ECD2-2A60-4901-B17A-9CEE392B0B1E}"
EndProject
Global
	GlobalSection(SolutionConfigurationPlatforms) = preSolution
		Debug|Any CPU = Debug|Any CPU
		Release|Any CPU = Release|Any CPU
	EndGlobalSection
	GlobalSection(ProjectConfigurationPlatforms) = postSolution
		{B004ECD2-2A60-4901-B17A-9CEE392B0B1E}.Debug|Any CPU.Build.0 = Debug|Any CPU
		{B004ECD2-2A60-4901-B17A-9CEE392B0B1E}.Debug|Any CPU.ActiveCfg = Debug|Any CPU
		{B004ECD2-2A60-4901-B17A-9CEE392B0B1E}.Release|Any CPU.Build.0 = Release|Any CPU
		{B004ECD2-2A60-4901-B17A-9CEE392B0B1E}.Release|Any CPU.ActiveCfg = Release|Any CPU
	EndGlobalSection
EndGlobal
